
Microsoft Visual Studio Solution File, Format Version 12.00
# Visual Studio Version 17
VisualStudioVersion = 17.1.32228.430
MinimumVisualStudioVersion = 10.0.40219.1
Project("{FAE04EC0-301F-11D3-BF4B-00C04F79EFBC}") = "QuanLyTuyenSinh.Server", "Server\QuanLyTuyenSinh.Server.csproj", "{4E61B0B4-B7CD-486A-8BDC-47862E0CB794}"
EndProject
Project("{FAE04EC0-301F-11D3-BF4B-00C04F79EFBC}") = "QuanLyTuyenSinh.Client", "Client\QuanLyTuyenSinh.Client.csproj", "{56C3F733-A650-4789-83D3-EA750E47F8F9}"
EndProject
Project("{FAE04EC0-301F-11D3-BF4B-00C04F79EFBC}") = "QuanLyTuyenSinh.Shared", "Shared\QuanLyTuyenSinh.Shared.csproj", "{8D2D698A-6A9E-42DC-9E5D-AB278199CDE6}"
EndProject
Global
	GlobalSection(SolutionConfigurationPlatforms) = preSolution
		Debug|Any CPU = Debug|Any CPU
		Release|Any CPU = Release|Any CPU
	EndGlobalSection
	GlobalSection(ProjectConfigurationPlatforms) = postSolution
		{4E61B0B4-B7CD-486A-8BDC-47862E0CB794}.Debug|Any CPU.ActiveCfg = Debug|Any CPU
		{4E61B0B4-B7CD-486A-8BDC-47862E0CB794}.Debug|Any CPU.Build.0 = Debug|Any CPU
		{4E61B0B4-B7CD-486A-8BDC-47862E0CB794}.Release|Any CPU.ActiveCfg = Release|Any CPU
		{4E61B0B4-B7CD-486A-8BDC-47862E0CB794}.Release|Any CPU.Build.0 = Release|Any CPU
		{56C3F733-A650-4789-83D3-EA750E47F8F9}.Debug|Any CPU.ActiveCfg = Debug|Any CPU
		{56C3F733-A650-4789-83D3-EA750E47F8F9}.Debug|Any CPU.Build.0 = Debug|Any CPU
		{56C3F733-A650-4789-83D3-EA750E47F8F9}.Release|Any CPU.ActiveCfg = Release|Any CPU
		{56C3F733-A650-4789-83D3-EA750E47F8F9}.Release|Any CPU.Build.0 = Release|Any CPU
		{8D2D698A-6A9E-42DC-9E5D-AB278199CDE6}.Debug|Any CPU.ActiveCfg = Debug|Any CPU
		{8D2D698A-6A9E-42DC-9E5D-AB278199CDE6}.Debug|Any CPU.Build.0 = Debug|Any CPU
		{8D2D698A-6A9E-42DC-9E5D-AB278199CDE6}.Release|Any CPU.ActiveCfg = Release|Any CPU
		{8D2D698A-6A9E-42DC-9E5D-AB278199CDE6}.Release|Any CPU.Build.0 = Release|Any CPU
	EndGlobalSection
	GlobalSection(SolutionProperties) = preSolution
		HideSolutionNode = FALSE
	EndGlobalSection
	GlobalSection(ExtensibilityGlobals) = postSolution
		SolutionGuid = {C1495ADA-0E83-41B5-A3A1-98B992CA88C8}
	EndGlobalSection
EndGlobal
